// !$*UTF8*$!
{
	archiveVersion = 1;
	classes = {
	};
	objectVersion = 55;
	objects = {

/* Begin PBXBuildFile section */
		29862D1EC3A5C59567C93C32 /* AmplifyModels.swift in Sources */ = {isa = PBXBuildFile; fileRef = 3E2474FADA9A37844AA36172 /* AmplifyModels.swift */; };
		5ABE93467803C79D5D54B8A0 /* awsconfiguration.json in Resources */ = {isa = PBXBuildFile; fileRef = 0D600330B313D50E4E058760 /* awsconfiguration.json */; };
		93A875EE9C18AF9760FFBC8C /* Entry+Schema.swift in Sources */ = {isa = PBXBuildFile; fileRef = 57A8593150943C639F48A6B7 /* Entry+Schema.swift */; };
		B309C93B272EDB18008F2937 /* PlaceSearchView.swift in Sources */ = {isa = PBXBuildFile; fileRef = B309C93A272EDB18008F2937 /* PlaceSearchView.swift */; };
		B309C941272EDC91008F2937 /* PlaceSearchController.swift in Sources */ = {isa = PBXBuildFile; fileRef = B309C940272EDC91008F2937 /* PlaceSearchController.swift */; };
		B309C943272EEBA6008F2937 /* MKPlacemark.swift in Sources */ = {isa = PBXBuildFile; fileRef = B309C942272EEBA6008F2937 /* MKPlacemark.swift */; };
		B309C946272EEFF5008F2937 /* SkeletonUI in Frameworks */ = {isa = PBXBuildFile; productRef = B309C945272EEFF5008F2937 /* SkeletonUI */; };
		B309C948272EF722008F2937 /* AppController.swift in Sources */ = {isa = PBXBuildFile; fileRef = B309C947272EF722008F2937 /* AppController.swift */; };
		B309C94F272EF8ED008F2937 /* MapViewController.swift in Sources */ = {isa = PBXBuildFile; fileRef = B309C94E272EF8ED008F2937 /* MapViewController.swift */; };
		B309C951272EF9A5008F2937 /* PlacesViewController.swift in Sources */ = {isa = PBXBuildFile; fileRef = B309C950272EF9A5008F2937 /* PlacesViewController.swift */; };
		B309C953272EFD42008F2937 /* PlaceSheetHeaderView.swift in Sources */ = {isa = PBXBuildFile; fileRef = B309C952272EFD42008F2937 /* PlaceSheetHeaderView.swift */; };
		B309C955272F0271008F2937 /* SearchBarView.swift in Sources */ = {isa = PBXBuildFile; fileRef = B309C954272F0271008F2937 /* SearchBarView.swift */; };
		B309C957272F09C5008F2937 /* AddPlaceController.swift in Sources */ = {isa = PBXBuildFile; fileRef = B309C956272F09C5008F2937 /* AddPlaceController.swift */; };
		B309C959272F13E8008F2937 /* PlaceShortDisplayView.swift in Sources */ = {isa = PBXBuildFile; fileRef = B309C958272F13E8008F2937 /* PlaceShortDisplayView.swift */; };
		B309C95C272F7196008F2937 /* AWSAPIPlugin in Frameworks */ = {isa = PBXBuildFile; productRef = B309C95B272F7196008F2937 /* AWSAPIPlugin */; };
		B309C95E272F7196008F2937 /* AWSCognitoAuthPlugin in Frameworks */ = {isa = PBXBuildFile; productRef = B309C95D272F7196008F2937 /* AWSCognitoAuthPlugin */; };
		B309C960272F7196008F2937 /* AWSDataStorePlugin in Frameworks */ = {isa = PBXBuildFile; productRef = B309C95F272F7196008F2937 /* AWSDataStorePlugin */; };
		B309C962272F7196008F2937 /* Amplify in Frameworks */ = {isa = PBXBuildFile; productRef = B309C961272F7196008F2937 /* Amplify */; };
		B309C9672730BC5E008F2937 /* PlaceConstants.swift in Sources */ = {isa = PBXBuildFile; fileRef = B309C9662730BC5E008F2937 /* PlaceConstants.swift */; };
		B309C9692730C73B008F2937 /* PlaceEntryModel.swift in Sources */ = {isa = PBXBuildFile; fileRef = B309C9682730C73B008F2937 /* PlaceEntryModel.swift */; };
		B309C96B2730C950008F2937 /* AllPlacesModel.swift in Sources */ = {isa = PBXBuildFile; fileRef = B309C96A2730C950008F2937 /* AllPlacesModel.swift */; };
		B309C96D2736D8A1008F2937 /* PlaceSheetContentView.swift in Sources */ = {isa = PBXBuildFile; fileRef = B309C96C2736D8A1008F2937 /* PlaceSheetContentView.swift */; };
		B309C9702736DB95008F2937 /* CardModifier.swift in Sources */ = {isa = PBXBuildFile; fileRef = B309C96F2736DB95008F2937 /* CardModifier.swift */; };
		B309C9762736DC1F008F2937 /* PlaceEntryView.swift in Sources */ = {isa = PBXBuildFile; fileRef = B309C9752736DC1F008F2937 /* PlaceEntryView.swift */; };
		B309C9782736DC28008F2937 /* PlaceEntryListView.swift in Sources */ = {isa = PBXBuildFile; fileRef = B309C9772736DC28008F2937 /* PlaceEntryListView.swift */; };
		B309C97B2736F3A5008F2937 /* AppState.swift in Sources */ = {isa = PBXBuildFile; fileRef = B309C97A2736F3A5008F2937 /* AppState.swift */; };
		B309C97D2736F46E008F2937 /* Store.swift in Sources */ = {isa = PBXBuildFile; fileRef = B309C97C2736F46E008F2937 /* Store.swift */; };
		B3154A48272DC40F005BD745 /* PlaceAnnotationView.swift in Sources */ = {isa = PBXBuildFile; fileRef = B3154A47272DC40F005BD745 /* PlaceAnnotationView.swift */; };
		B3154A4B272DD380005BD745 /* BottomSheet in Frameworks */ = {isa = PBXBuildFile; productRef = B3154A4A272DD380005BD745 /* BottomSheet */; };
		B3154A4E272DF5FA005BD745 /* MapView.swift in Sources */ = {isa = PBXBuildFile; fileRef = B3154A4D272DF5FA005BD745 /* MapView.swift */; };
		B3154A50272DFDF7005BD745 /* SampleData.swift in Sources */ = {isa = PBXBuildFile; fileRef = B3154A4F272DFDF7005BD745 /* SampleData.swift */; };
		B3154A52272DFFEE005BD745 /* AddPlaceButtonView.swift in Sources */ = {isa = PBXBuildFile; fileRef = B3154A51272DFFEE005BD745 /* AddPlaceButtonView.swift */; };
		B3154A55272E0041005BD745 /* MapConstants.swift in Sources */ = {isa = PBXBuildFile; fileRef = B3154A54272E0041005BD745 /* MapConstants.swift */; };
		B3154A5E272E1279005BD745 /* Color.swift in Sources */ = {isa = PBXBuildFile; fileRef = B3154A5D272E1279005BD745 /* Color.swift */; };
		B3154A60272E36A5005BD745 /* AddPlaceView.swift in Sources */ = {isa = PBXBuildFile; fileRef = B3154A5F272E36A5005BD745 /* AddPlaceView.swift */; };
		B3D687D9272A2C1200DABFD5 /* SauceApp.swift in Sources */ = {isa = PBXBuildFile; fileRef = B3D687D8272A2C1200DABFD5 /* SauceApp.swift */; };
		B3D687DB272A2C1200DABFD5 /* ContentView.swift in Sources */ = {isa = PBXBuildFile; fileRef = B3D687DA272A2C1200DABFD5 /* ContentView.swift */; };
		B3D687DD272A2C1300DABFD5 /* Assets.xcassets in Resources */ = {isa = PBXBuildFile; fileRef = B3D687DC272A2C1300DABFD5 /* Assets.xcassets */; };
		B3D687E0272A2C1300DABFD5 /* Preview Assets.xcassets in Resources */ = {isa = PBXBuildFile; fileRef = B3D687DF272A2C1300DABFD5 /* Preview Assets.xcassets */; };
		B3D687EA272A2C1300DABFD5 /* SauceTests.swift in Sources */ = {isa = PBXBuildFile; fileRef = B3D687E9272A2C1300DABFD5 /* SauceTests.swift */; };
		B3D687F4272A2C1300DABFD5 /* SauceUITests.swift in Sources */ = {isa = PBXBuildFile; fileRef = B3D687F3272A2C1300DABFD5 /* SauceUITests.swift */; };
		B3D687F6272A2C1300DABFD5 /* SauceUITestsLaunchTests.swift in Sources */ = {isa = PBXBuildFile; fileRef = B3D687F5272A2C1300DABFD5 /* SauceUITestsLaunchTests.swift */; };
		B3D68809272A404800DABFD5 /* PlaceModel.swift in Sources */ = {isa = PBXBuildFile; fileRef = B3D68808272A404800DABFD5 /* PlaceModel.swift */; };
		B6EBC758801C277447A94253 /* amplifyconfiguration.json in Resources */ = {isa = PBXBuildFile; fileRef = 7203FF469439C755E659C6B1 /* amplifyconfiguration.json */; };
		BAF8F155BDE944767678DC82 /* PlaceData.swift in Sources */ = {isa = PBXBuildFile; fileRef = B8D0187DFA765E4B4CFA1052 /* PlaceData.swift */; };
		DCA95D976CE8C7251A56303B /* MethodOfEat.swift in Sources */ = {isa = PBXBuildFile; fileRef = FB53221879E97CBC22FB0C39 /* MethodOfEat.swift */; };
		F6D0880DA2EC20316912EC7E /* PlaceData+Schema.swift in Sources */ = {isa = PBXBuildFile; fileRef = D8B766D5C5DC5C5E212F64CC /* PlaceData+Schema.swift */; };
		FF3D07FBF3BA0F054EC8A532 /* Entry.swift in Sources */ = {isa = PBXBuildFile; fileRef = F814E54531759257AA0438B9 /* Entry.swift */; };
/* End PBXBuildFile section */

/* Begin PBXContainerItemProxy section */
		B3D687E6272A2C1300DABFD5 /* PBXContainerItemProxy */ = {
			isa = PBXContainerItemProxy;
			containerPortal = B3D687CD272A2C1200DABFD5 /* Project object */;
			proxyType = 1;
			remoteGlobalIDString = B3D687D4272A2C1200DABFD5;
			remoteInfo = Sauce;
		};
		B3D687F0272A2C1300DABFD5 /* PBXContainerItemProxy */ = {
			isa = PBXContainerItemProxy;
			containerPortal = B3D687CD272A2C1200DABFD5 /* Project object */;
			proxyType = 1;
			remoteGlobalIDString = B3D687D4272A2C1200DABFD5;
			remoteInfo = Sauce;
		};
/* End PBXContainerItemProxy section */

/* Begin PBXFileReference section */
		0D600330B313D50E4E058760 /* awsconfiguration.json */ = {isa = PBXFileReference; explicitFileType = text.json; path = awsconfiguration.json; sourceTree = "<group>"; };
		3E2474FADA9A37844AA36172 /* AmplifyModels.swift */ = {isa = PBXFileReference; explicitFileType = sourcecode.swift; name = AmplifyModels.swift; path = amplify/generated/models/AmplifyModels.swift; sourceTree = "<group>"; };
		57A8593150943C639F48A6B7 /* Entry+Schema.swift */ = {isa = PBXFileReference; explicitFileType = sourcecode.swift; name = "Entry+Schema.swift"; path = "amplify/generated/models/Entry+Schema.swift"; sourceTree = "<group>"; };
		7203FF469439C755E659C6B1 /* amplifyconfiguration.json */ = {isa = PBXFileReference; explicitFileType = text.json; path = amplifyconfiguration.json; sourceTree = "<group>"; };
		B309C93A272EDB18008F2937 /* PlaceSearchView.swift */ = {isa = PBXFileReference; lastKnownFileType = sourcecode.swift; path = PlaceSearchView.swift; sourceTree = "<group>"; };
		B309C940272EDC91008F2937 /* PlaceSearchController.swift */ = {isa = PBXFileReference; lastKnownFileType = sourcecode.swift; path = PlaceSearchController.swift; sourceTree = "<group>"; };
		B309C942272EEBA6008F2937 /* MKPlacemark.swift */ = {isa = PBXFileReference; lastKnownFileType = sourcecode.swift; path = MKPlacemark.swift; sourceTree = "<group>"; };
		B309C947272EF722008F2937 /* AppController.swift */ = {isa = PBXFileReference; lastKnownFileType = sourcecode.swift; path = AppController.swift; sourceTree = "<group>"; };
		B309C94E272EF8ED008F2937 /* MapViewController.swift */ = {isa = PBXFileReference; lastKnownFileType = sourcecode.swift; path = MapViewController.swift; sourceTree = "<group>"; };
		B309C950272EF9A5008F2937 /* PlacesViewController.swift */ = {isa = PBXFileReference; lastKnownFileType = sourcecode.swift; path = PlacesViewController.swift; sourceTree = "<group>"; };
		B309C952272EFD42008F2937 /* PlaceSheetHeaderView.swift */ = {isa = PBXFileReference; lastKnownFileType = sourcecode.swift; path = PlaceSheetHeaderView.swift; sourceTree = "<group>"; };
		B309C954272F0271008F2937 /* SearchBarView.swift */ = {isa = PBXFileReference; lastKnownFileType = sourcecode.swift; path = SearchBarView.swift; sourceTree = "<group>"; };
		B309C956272F09C5008F2937 /* AddPlaceController.swift */ = {isa = PBXFileReference; lastKnownFileType = sourcecode.swift; path = AddPlaceController.swift; sourceTree = "<group>"; };
		B309C958272F13E8008F2937 /* PlaceShortDisplayView.swift */ = {isa = PBXFileReference; lastKnownFileType = sourcecode.swift; path = PlaceShortDisplayView.swift; sourceTree = "<group>"; };
		B309C9662730BC5E008F2937 /* PlaceConstants.swift */ = {isa = PBXFileReference; lastKnownFileType = sourcecode.swift; path = PlaceConstants.swift; sourceTree = "<group>"; };
		B309C9682730C73B008F2937 /* PlaceEntryModel.swift */ = {isa = PBXFileReference; lastKnownFileType = sourcecode.swift; path = PlaceEntryModel.swift; sourceTree = "<group>"; };
		B309C96A2730C950008F2937 /* AllPlacesModel.swift */ = {isa = PBXFileReference; lastKnownFileType = sourcecode.swift; path = AllPlacesModel.swift; sourceTree = "<group>"; };
		B309C96C2736D8A1008F2937 /* PlaceSheetContentView.swift */ = {isa = PBXFileReference; lastKnownFileType = sourcecode.swift; path = PlaceSheetContentView.swift; sourceTree = "<group>"; };
		B309C96F2736DB95008F2937 /* CardModifier.swift */ = {isa = PBXFileReference; lastKnownFileType = sourcecode.swift; path = CardModifier.swift; sourceTree = "<group>"; };
		B309C9752736DC1F008F2937 /* PlaceEntryView.swift */ = {isa = PBXFileReference; lastKnownFileType = sourcecode.swift; path = PlaceEntryView.swift; sourceTree = "<group>"; };
		B309C9772736DC28008F2937 /* PlaceEntryListView.swift */ = {isa = PBXFileReference; lastKnownFileType = sourcecode.swift; path = PlaceEntryListView.swift; sourceTree = "<group>"; };
		B309C97A2736F3A5008F2937 /* AppState.swift */ = {isa = PBXFileReference; lastKnownFileType = sourcecode.swift; path = AppState.swift; sourceTree = "<group>"; };
		B309C97C2736F46E008F2937 /* Store.swift */ = {isa = PBXFileReference; lastKnownFileType = sourcecode.swift; path = Store.swift; sourceTree = "<group>"; };
		B3154A47272DC40F005BD745 /* PlaceAnnotationView.swift */ = {isa = PBXFileReference; lastKnownFileType = sourcecode.swift; path = PlaceAnnotationView.swift; sourceTree = "<group>"; };
		B3154A4D272DF5FA005BD745 /* MapView.swift */ = {isa = PBXFileReference; lastKnownFileType = sourcecode.swift; path = MapView.swift; sourceTree = "<group>"; };
		B3154A4F272DFDF7005BD745 /* SampleData.swift */ = {isa = PBXFileReference; lastKnownFileType = sourcecode.swift; path = SampleData.swift; sourceTree = "<group>"; };
		B3154A51272DFFEE005BD745 /* AddPlaceButtonView.swift */ = {isa = PBXFileReference; lastKnownFileType = sourcecode.swift; path = AddPlaceButtonView.swift; sourceTree = "<group>"; };
		B3154A54272E0041005BD745 /* MapConstants.swift */ = {isa = PBXFileReference; lastKnownFileType = sourcecode.swift; path = MapConstants.swift; sourceTree = "<group>"; };
		B3154A5D272E1279005BD745 /* Color.swift */ = {isa = PBXFileReference; lastKnownFileType = sourcecode.swift; path = Color.swift; sourceTree = "<group>"; };
		B3154A5F272E36A5005BD745 /* AddPlaceView.swift */ = {isa = PBXFileReference; lastKnownFileType = sourcecode.swift; path = AddPlaceView.swift; sourceTree = "<group>"; };
		B3D687D5272A2C1200DABFD5 /* Sauce.app */ = {isa = PBXFileReference; explicitFileType = wrapper.application; includeInIndex = 0; path = Sauce.app; sourceTree = BUILT_PRODUCTS_DIR; };
		B3D687D8272A2C1200DABFD5 /* SauceApp.swift */ = {isa = PBXFileReference; lastKnownFileType = sourcecode.swift; path = SauceApp.swift; sourceTree = "<group>"; };
		B3D687DA272A2C1200DABFD5 /* ContentView.swift */ = {isa = PBXFileReference; lastKnownFileType = sourcecode.swift; path = ContentView.swift; sourceTree = "<group>"; };
		B3D687DC272A2C1300DABFD5 /* Assets.xcassets */ = {isa = PBXFileReference; lastKnownFileType = folder.assetcatalog; path = Assets.xcassets; sourceTree = "<group>"; };
		B3D687DF272A2C1300DABFD5 /* Preview Assets.xcassets */ = {isa = PBXFileReference; lastKnownFileType = folder.assetcatalog; path = "Preview Assets.xcassets"; sourceTree = "<group>"; };
		B3D687E5272A2C1300DABFD5 /* SauceTests.xctest */ = {isa = PBXFileReference; explicitFileType = wrapper.cfbundle; includeInIndex = 0; path = SauceTests.xctest; sourceTree = BUILT_PRODUCTS_DIR; };
		B3D687E9272A2C1300DABFD5 /* SauceTests.swift */ = {isa = PBXFileReference; lastKnownFileType = sourcecode.swift; path = SauceTests.swift; sourceTree = "<group>"; };
		B3D687EF272A2C1300DABFD5 /* SauceUITests.xctest */ = {isa = PBXFileReference; explicitFileType = wrapper.cfbundle; includeInIndex = 0; path = SauceUITests.xctest; sourceTree = BUILT_PRODUCTS_DIR; };
		B3D687F3272A2C1300DABFD5 /* SauceUITests.swift */ = {isa = PBXFileReference; lastKnownFileType = sourcecode.swift; path = SauceUITests.swift; sourceTree = "<group>"; };
		B3D687F5272A2C1300DABFD5 /* SauceUITestsLaunchTests.swift */ = {isa = PBXFileReference; lastKnownFileType = sourcecode.swift; path = SauceUITestsLaunchTests.swift; sourceTree = "<group>"; };
		B3D68808272A404800DABFD5 /* PlaceModel.swift */ = {isa = PBXFileReference; lastKnownFileType = sourcecode.swift; path = PlaceModel.swift; sourceTree = "<group>"; };
		B8D0187DFA765E4B4CFA1052 /* PlaceData.swift */ = {isa = PBXFileReference; explicitFileType = sourcecode.swift; name = PlaceData.swift; path = amplify/generated/models/PlaceData.swift; sourceTree = "<group>"; };
		D8B766D5C5DC5C5E212F64CC /* PlaceData+Schema.swift */ = {isa = PBXFileReference; explicitFileType = sourcecode.swift; name = "PlaceData+Schema.swift"; path = "amplify/generated/models/PlaceData+Schema.swift"; sourceTree = "<group>"; };
		F814E54531759257AA0438B9 /* Entry.swift */ = {isa = PBXFileReference; explicitFileType = sourcecode.swift; name = Entry.swift; path = amplify/generated/models/Entry.swift; sourceTree = "<group>"; };
		FB53221879E97CBC22FB0C39 /* MethodOfEat.swift */ = {isa = PBXFileReference; explicitFileType = sourcecode.swift; name = MethodOfEat.swift; path = amplify/generated/models/MethodOfEat.swift; sourceTree = "<group>"; };
/* End PBXFileReference section */

/* Begin PBXFrameworksBuildPhase section */
		B3D687D2272A2C1200DABFD5 /* Frameworks */ = {
			isa = PBXFrameworksBuildPhase;
			buildActionMask = 2147483647;
			files = (
				B309C95C272F7196008F2937 /* AWSAPIPlugin in Frameworks */,
				B3154A4B272DD380005BD745 /* BottomSheet in Frameworks */,
				B309C946272EEFF5008F2937 /* SkeletonUI in Frameworks */,
				B309C962272F7196008F2937 /* Amplify in Frameworks */,
				B309C960272F7196008F2937 /* AWSDataStorePlugin in Frameworks */,
				B309C95E272F7196008F2937 /* AWSCognitoAuthPlugin in Frameworks */,
			);
			runOnlyForDeploymentPostprocessing = 0;
		};
		B3D687E2272A2C1300DABFD5 /* Frameworks */ = {
			isa = PBXFrameworksBuildPhase;
			buildActionMask = 2147483647;
			files = (
			);
			runOnlyForDeploymentPostprocessing = 0;
		};
		B3D687EC272A2C1300DABFD5 /* Frameworks */ = {
			isa = PBXFrameworksBuildPhase;
			buildActionMask = 2147483647;
			files = (
			);
			runOnlyForDeploymentPostprocessing = 0;
		};
/* End PBXFrameworksBuildPhase section */

/* Begin PBXGroup section */
		133F2E0CF79483BB0CD38350 /* AmplifyModels */ = {
			isa = PBXGroup;
			children = (
				3E2474FADA9A37844AA36172 /* AmplifyModels.swift */,
				57A8593150943C639F48A6B7 /* Entry+Schema.swift */,
				F814E54531759257AA0438B9 /* Entry.swift */,
				FB53221879E97CBC22FB0C39 /* MethodOfEat.swift */,
				D8B766D5C5DC5C5E212F64CC /* PlaceData+Schema.swift */,
				B8D0187DFA765E4B4CFA1052 /* PlaceData.swift */,
			);
			name = AmplifyModels;
			sourceTree = "<group>";
		};
		B309C939272EDB04008F2937 /* AddPlace */ = {
			isa = PBXGroup;
			children = (
				B309C954272F0271008F2937 /* SearchBarView.swift */,
				B3154A51272DFFEE005BD745 /* AddPlaceButtonView.swift */,
				B3154A5F272E36A5005BD745 /* AddPlaceView.swift */,
				B309C93A272EDB18008F2937 /* PlaceSearchView.swift */,
				B309C958272F13E8008F2937 /* PlaceShortDisplayView.swift */,
			);
			path = AddPlace;
			sourceTree = "<group>";
		};
		B309C96E2736DB88008F2937 /* Modifiers */ = {
			isa = PBXGroup;
			children = (
				B309C96F2736DB95008F2937 /* CardModifier.swift */,
			);
			path = Modifiers;
			sourceTree = "<group>";
		};
		B309C9712736DBC2008F2937 /* PlaceSheet */ = {
			isa = PBXGroup;
			children = (
				B309C952272EFD42008F2937 /* PlaceSheetHeaderView.swift */,
				B309C96C2736D8A1008F2937 /* PlaceSheetContentView.swift */,
			);
			path = PlaceSheet;
			sourceTree = "<group>";
		};
		B309C9742736DC0C008F2937 /* PlaceCommon */ = {
			isa = PBXGroup;
			children = (
				B309C9752736DC1F008F2937 /* PlaceEntryView.swift */,
				B309C9772736DC28008F2937 /* PlaceEntryListView.swift */,
			);
			path = PlaceCommon;
			sourceTree = "<group>";
		};
		B309C9792736F39A008F2937 /* Store */ = {
			isa = PBXGroup;
			children = (
				B309C97A2736F3A5008F2937 /* AppState.swift */,
				B309C97C2736F46E008F2937 /* Store.swift */,
			);
			path = Store;
			sourceTree = "<group>";
		};
		B3154A42272DB2FC005BD745 /* Views */ = {
			isa = PBXGroup;
			children = (
				B309C9742736DC0C008F2937 /* PlaceCommon */,
				B3154A4C272DF5DC005BD745 /* Map */,
				B309C939272EDB04008F2937 /* AddPlace */,
			);
			path = Views;
			sourceTree = "<group>";
		};
		B3154A4C272DF5DC005BD745 /* Map */ = {
			isa = PBXGroup;
			children = (
				B309C9712736DBC2008F2937 /* PlaceSheet */,
				B3154A47272DC40F005BD745 /* PlaceAnnotationView.swift */,
				B3154A4D272DF5FA005BD745 /* MapView.swift */,
			);
			path = Map;
			sourceTree = "<group>";
		};
		B3154A53272E0025005BD745 /* Constants */ = {
			isa = PBXGroup;
			children = (
				B3154A4F272DFDF7005BD745 /* SampleData.swift */,
				B3154A54272E0041005BD745 /* MapConstants.swift */,
				B309C9662730BC5E008F2937 /* PlaceConstants.swift */,
			);
			path = Constants;
			sourceTree = "<group>";
		};
		B3154A5C272E126F005BD745 /* Extensions */ = {
			isa = PBXGroup;
			children = (
				B3154A5D272E1279005BD745 /* Color.swift */,
				B309C942272EEBA6008F2937 /* MKPlacemark.swift */,
			);
			path = Extensions;
			sourceTree = "<group>";
		};
		B3D687CC272A2C1200DABFD5 = {
			isa = PBXGroup;
			children = (
				B3D687D7272A2C1200DABFD5 /* Sauce */,
				B3D687E8272A2C1300DABFD5 /* SauceTests */,
				B3D687F2272A2C1300DABFD5 /* SauceUITests */,
				B3D687D6272A2C1200DABFD5 /* Products */,
				EFE68F0F7F81A4611AD70A2D /* AmplifyConfig */,
				133F2E0CF79483BB0CD38350 /* AmplifyModels */,
			);
			sourceTree = "<group>";
		};
		B3D687D6272A2C1200DABFD5 /* Products */ = {
			isa = PBXGroup;
			children = (
				B3D687D5272A2C1200DABFD5 /* Sauce.app */,
				B3D687E5272A2C1300DABFD5 /* SauceTests.xctest */,
				B3D687EF272A2C1300DABFD5 /* SauceUITests.xctest */,
			);
			name = Products;
			sourceTree = "<group>";
		};
		B3D687D7272A2C1200DABFD5 /* Sauce */ = {
			isa = PBXGroup;
			children = (
				B309C9792736F39A008F2937 /* Store */,
				B309C96E2736DB88008F2937 /* Modifiers */,
				B3154A5C272E126F005BD745 /* Extensions */,
				B3154A53272E0025005BD745 /* Constants */,
				B3154A42272DB2FC005BD745 /* Views */,
				B3D68805272A2F8B00DABFD5 /* Models */,
				B3D68802272A2E9600DABFD5 /* Controllers */,
				B3D687D8272A2C1200DABFD5 /* SauceApp.swift */,
				B3D687DA272A2C1200DABFD5 /* ContentView.swift */,
				B3D687DC272A2C1300DABFD5 /* Assets.xcassets */,
				B3D687DE272A2C1300DABFD5 /* Preview Content */,
			);
			path = Sauce;
			sourceTree = "<group>";
		};
		B3D687DE272A2C1300DABFD5 /* Preview Content */ = {
			isa = PBXGroup;
			children = (
				B3D687DF272A2C1300DABFD5 /* Preview Assets.xcassets */,
			);
			path = "Preview Content";
			sourceTree = "<group>";
		};
		B3D687E8272A2C1300DABFD5 /* SauceTests */ = {
			isa = PBXGroup;
			children = (
				B3D687E9272A2C1300DABFD5 /* SauceTests.swift */,
			);
			path = SauceTests;
			sourceTree = "<group>";
		};
		B3D687F2272A2C1300DABFD5 /* SauceUITests */ = {
			isa = PBXGroup;
			children = (
				B3D687F3272A2C1300DABFD5 /* SauceUITests.swift */,
				B3D687F5272A2C1300DABFD5 /* SauceUITestsLaunchTests.swift */,
			);
			path = SauceUITests;
			sourceTree = "<group>";
		};
		B3D68802272A2E9600DABFD5 /* Controllers */ = {
			isa = PBXGroup;
			children = (
				B309C950272EF9A5008F2937 /* PlacesViewController.swift */,
				B309C940272EDC91008F2937 /* PlaceSearchController.swift */,
				B309C947272EF722008F2937 /* AppController.swift */,
				B309C94E272EF8ED008F2937 /* MapViewController.swift */,
				B309C956272F09C5008F2937 /* AddPlaceController.swift */,
			);
			path = Controllers;
			sourceTree = "<group>";
		};
		B3D68805272A2F8B00DABFD5 /* Models */ = {
			isa = PBXGroup;
			children = (
				B3D68808272A404800DABFD5 /* PlaceModel.swift */,
				B309C9682730C73B008F2937 /* PlaceEntryModel.swift */,
				B309C96A2730C950008F2937 /* AllPlacesModel.swift */,
			);
			path = Models;
			sourceTree = "<group>";
		};
		EFE68F0F7F81A4611AD70A2D /* AmplifyConfig */ = {
			isa = PBXGroup;
			children = (
				0D600330B313D50E4E058760 /* awsconfiguration.json */,
				7203FF469439C755E659C6B1 /* amplifyconfiguration.json */,
			);
			name = AmplifyConfig;
			sourceTree = "<group>";
		};
/* End PBXGroup section */

/* Begin PBXNativeTarget section */
		B3D687D4272A2C1200DABFD5 /* Sauce */ = {
			isa = PBXNativeTarget;
			buildConfigurationList = B3D687F9272A2C1300DABFD5 /* Build configuration list for PBXNativeTarget "Sauce" */;
			buildPhases = (
				B3D687D1272A2C1200DABFD5 /* Sources */,
				B3D687D2272A2C1200DABFD5 /* Frameworks */,
				B3D687D3272A2C1200DABFD5 /* Resources */,
			);
			buildRules = (
			);
			dependencies = (
			);
			name = Sauce;
			packageProductDependencies = (
				B3154A4A272DD380005BD745 /* BottomSheet */,
				B309C945272EEFF5008F2937 /* SkeletonUI */,
				B309C95B272F7196008F2937 /* AWSAPIPlugin */,
				B309C95D272F7196008F2937 /* AWSCognitoAuthPlugin */,
				B309C95F272F7196008F2937 /* AWSDataStorePlugin */,
				B309C961272F7196008F2937 /* Amplify */,
			);
			productName = Sauce;
			productReference = B3D687D5272A2C1200DABFD5 /* Sauce.app */;
			productType = "com.apple.product-type.application";
		};
		B3D687E4272A2C1300DABFD5 /* SauceTests */ = {
			isa = PBXNativeTarget;
			buildConfigurationList = B3D687FC272A2C1300DABFD5 /* Build configuration list for PBXNativeTarget "SauceTests" */;
			buildPhases = (
				B3D687E1272A2C1300DABFD5 /* Sources */,
				B3D687E2272A2C1300DABFD5 /* Frameworks */,
				B3D687E3272A2C1300DABFD5 /* Resources */,
			);
			buildRules = (
			);
			dependencies = (
				B3D687E7272A2C1300DABFD5 /* PBXTargetDependency */,
			);
			name = SauceTests;
			productName = SauceTests;
			productReference = B3D687E5272A2C1300DABFD5 /* SauceTests.xctest */;
			productType = "com.apple.product-type.bundle.unit-test";
		};
		B3D687EE272A2C1300DABFD5 /* SauceUITests */ = {
			isa = PBXNativeTarget;
			buildConfigurationList = B3D687FF272A2C1300DABFD5 /* Build configuration list for PBXNativeTarget "SauceUITests" */;
			buildPhases = (
				B3D687EB272A2C1300DABFD5 /* Sources */,
				B3D687EC272A2C1300DABFD5 /* Frameworks */,
				B3D687ED272A2C1300DABFD5 /* Resources */,
			);
			buildRules = (
			);
			dependencies = (
				B3D687F1272A2C1300DABFD5 /* PBXTargetDependency */,
			);
			name = SauceUITests;
			productName = SauceUITests;
			productReference = B3D687EF272A2C1300DABFD5 /* SauceUITests.xctest */;
			productType = "com.apple.product-type.bundle.ui-testing";
		};
/* End PBXNativeTarget section */

/* Begin PBXProject section */
		B3D687CD272A2C1200DABFD5 /* Project object */ = {
			isa = PBXProject;
			attributes = {
				BuildIndependentTargetsInParallel = 1;
				LastSwiftUpdateCheck = 1310;
				LastUpgradeCheck = 1310;
				TargetAttributes = {
					B3D687D4272A2C1200DABFD5 = {
						CreatedOnToolsVersion = 13.1;
					};
					B3D687E4272A2C1300DABFD5 = {
						CreatedOnToolsVersion = 13.1;
						TestTargetID = B3D687D4272A2C1200DABFD5;
					};
					B3D687EE272A2C1300DABFD5 = {
						CreatedOnToolsVersion = 13.1;
						TestTargetID = B3D687D4272A2C1200DABFD5;
					};
				};
			};
			buildConfigurationList = B3D687D0272A2C1200DABFD5 /* Build configuration list for PBXProject "Sauce" */;
			compatibilityVersion = "Xcode 13.0";
			developmentRegion = en;
			hasScannedForEncodings = 0;
			knownRegions = (
				en,
				Base,
			);
			mainGroup = B3D687CC272A2C1200DABFD5;
			packageReferences = (
				B3154A49272DD380005BD745 /* XCRemoteSwiftPackageReference "BottomSheet" */,
				B309C944272EEFF5008F2937 /* XCRemoteSwiftPackageReference "SkeletonUI" */,
				B309C95A272F7195008F2937 /* XCRemoteSwiftPackageReference "amplify-ios" */,
			);
			productRefGroup = B3D687D6272A2C1200DABFD5 /* Products */;
			projectDirPath = "";
			projectRoot = "";
			targets = (
				B3D687D4272A2C1200DABFD5 /* Sauce */,
				B3D687E4272A2C1300DABFD5 /* SauceTests */,
				B3D687EE272A2C1300DABFD5 /* SauceUITests */,
			);
		};
/* End PBXProject section */

/* Begin PBXResourcesBuildPhase section */
		B3D687D3272A2C1200DABFD5 /* Resources */ = {
			isa = PBXResourcesBuildPhase;
			buildActionMask = 2147483647;
			files = (
				B3D687E0272A2C1300DABFD5 /* Preview Assets.xcassets in Resources */,
				B3D687DD272A2C1300DABFD5 /* Assets.xcassets in Resources */,
				5ABE93467803C79D5D54B8A0 /* awsconfiguration.json in Resources */,
				B6EBC758801C277447A94253 /* amplifyconfiguration.json in Resources */,
			);
			runOnlyForDeploymentPostprocessing = 0;
		};
		B3D687E3272A2C1300DABFD5 /* Resources */ = {
			isa = PBXResourcesBuildPhase;
			buildActionMask = 2147483647;
			files = (
			);
			runOnlyForDeploymentPostprocessing = 0;
		};
		B3D687ED272A2C1300DABFD5 /* Resources */ = {
			isa = PBXResourcesBuildPhase;
			buildActionMask = 2147483647;
			files = (
			);
			runOnlyForDeploymentPostprocessing = 0;
		};
/* End PBXResourcesBuildPhase section */

/* Begin PBXSourcesBuildPhase section */
		B3D687D1272A2C1200DABFD5 /* Sources */ = {
			isa = PBXSourcesBuildPhase;
			buildActionMask = 2147483647;
			files = (
				B309C97D2736F46E008F2937 /* Store.swift in Sources */,
				B309C9672730BC5E008F2937 /* PlaceConstants.swift in Sources */,
				B309C9762736DC1F008F2937 /* PlaceEntryView.swift in Sources */,
				B3D687DB272A2C1200DABFD5 /* ContentView.swift in Sources */,
				B3154A52272DFFEE005BD745 /* AddPlaceButtonView.swift in Sources */,
				B309C953272EFD42008F2937 /* PlaceSheetHeaderView.swift in Sources */,
				B309C9782736DC28008F2937 /* PlaceEntryListView.swift in Sources */,
				B309C948272EF722008F2937 /* AppController.swift in Sources */,
				B309C9702736DB95008F2937 /* CardModifier.swift in Sources */,
				B3154A50272DFDF7005BD745 /* SampleData.swift in Sources */,
				B3154A5E272E1279005BD745 /* Color.swift in Sources */,
				B3154A60272E36A5005BD745 /* AddPlaceView.swift in Sources */,
				B3154A4E272DF5FA005BD745 /* MapView.swift in Sources */,
				B309C959272F13E8008F2937 /* PlaceShortDisplayView.swift in Sources */,
				B3154A48272DC40F005BD745 /* PlaceAnnotationView.swift in Sources */,
				B309C941272EDC91008F2937 /* PlaceSearchController.swift in Sources */,
				B309C955272F0271008F2937 /* SearchBarView.swift in Sources */,
				B309C93B272EDB18008F2937 /* PlaceSearchView.swift in Sources */,
				B309C943272EEBA6008F2937 /* MKPlacemark.swift in Sources */,
				B3D687D9272A2C1200DABFD5 /* SauceApp.swift in Sources */,
				B309C957272F09C5008F2937 /* AddPlaceController.swift in Sources */,
				B3154A55272E0041005BD745 /* MapConstants.swift in Sources */,
				B3D68809272A404800DABFD5 /* PlaceModel.swift in Sources */,
				B309C951272EF9A5008F2937 /* PlacesViewController.swift in Sources */,
				B309C96B2730C950008F2937 /* AllPlacesModel.swift in Sources */,
				B309C94F272EF8ED008F2937 /* MapViewController.swift in Sources */,
				29862D1EC3A5C59567C93C32 /* AmplifyModels.swift in Sources */,
				93A875EE9C18AF9760FFBC8C /* Entry+Schema.swift in Sources */,
				B309C97B2736F3A5008F2937 /* AppState.swift in Sources */,
				B309C96D2736D8A1008F2937 /* PlaceSheetContentView.swift in Sources */,
				FF3D07FBF3BA0F054EC8A532 /* Entry.swift in Sources */,
				B309C9692730C73B008F2937 /* PlaceEntryModel.swift in Sources */,
				DCA95D976CE8C7251A56303B /* MethodOfEat.swift in Sources */,
				F6D0880DA2EC20316912EC7E /* PlaceData+Schema.swift in Sources */,
				BAF8F155BDE944767678DC82 /* PlaceData.swift in Sources */,
			);
			runOnlyForDeploymentPostprocessing = 0;
		};
		B3D687E1272A2C1300DABFD5 /* Sources */ = {
			isa = PBXSourcesBuildPhase;
			buildActionMask = 2147483647;
			files = (
				B3D687EA272A2C1300DABFD5 /* SauceTests.swift in Sources */,
			);
			runOnlyForDeploymentPostprocessing = 0;
		};
		B3D687EB272A2C1300DABFD5 /* Sources */ = {
			isa = PBXSourcesBuildPhase;
			buildActionMask = 2147483647;
			files = (
				B3D687F6272A2C1300DABFD5 /* SauceUITestsLaunchTests.swift in Sources */,
				B3D687F4272A2C1300DABFD5 /* SauceUITests.swift in Sources */,
			);
			runOnlyForDeploymentPostprocessing = 0;
		};
/* End PBXSourcesBuildPhase section */

/* Begin PBXTargetDependency section */
		B3D687E7272A2C1300DABFD5 /* PBXTargetDependency */ = {
			isa = PBXTargetDependency;
			target = B3D687D4272A2C1200DABFD5 /* Sauce */;
			targetProxy = B3D687E6272A2C1300DABFD5 /* PBXContainerItemProxy */;
		};
		B3D687F1272A2C1300DABFD5 /* PBXTargetDependency */ = {
			isa = PBXTargetDependency;
			target = B3D687D4272A2C1200DABFD5 /* Sauce */;
			targetProxy = B3D687F0272A2C1300DABFD5 /* PBXContainerItemProxy */;
		};
/* End PBXTargetDependency section */

/* Begin XCBuildConfiguration section */
		B3D687F7272A2C1300DABFD5 /* Debug */ = {
			isa = XCBuildConfiguration;
			buildSettings = {
				ALWAYS_SEARCH_USER_PATHS = NO;
				CLANG_ANALYZER_NONNULL = YES;
				CLANG_ANALYZER_NUMBER_OBJECT_CONVERSION = YES_AGGRESSIVE;
				CLANG_CXX_LANGUAGE_STANDARD = "gnu++17";
				CLANG_CXX_LIBRARY = "libc++";
				CLANG_ENABLE_MODULES = YES;
				CLANG_ENABLE_OBJC_ARC = YES;
				CLANG_ENABLE_OBJC_WEAK = YES;
				CLANG_WARN_BLOCK_CAPTURE_AUTORELEASING = YES;
				CLANG_WARN_BOOL_CONVERSION = YES;
				CLANG_WARN_COMMA = YES;
				CLANG_WARN_CONSTANT_CONVERSION = YES;
				CLANG_WARN_DEPRECATED_OBJC_IMPLEMENTATIONS = YES;
				CLANG_WARN_DIRECT_OBJC_ISA_USAGE = YES_ERROR;
				CLANG_WARN_DOCUMENTATION_COMMENTS = YES;
				CLANG_WARN_EMPTY_BODY = YES;
				CLANG_WARN_ENUM_CONVERSION = YES;
				CLANG_WARN_INFINITE_RECURSION = YES;
				CLANG_WARN_INT_CONVERSION = YES;
				CLANG_WARN_NON_LITERAL_NULL_CONVERSION = YES;
				CLANG_WARN_OBJC_IMPLICIT_RETAIN_SELF = YES;
				CLANG_WARN_OBJC_LITERAL_CONVERSION = YES;
				CLANG_WARN_OBJC_ROOT_CLASS = YES_ERROR;
				CLANG_WARN_QUOTED_INCLUDE_IN_FRAMEWORK_HEADER = YES;
				CLANG_WARN_RANGE_LOOP_ANALYSIS = YES;
				CLANG_WARN_STRICT_PROTOTYPES = YES;
				CLANG_WARN_SUSPICIOUS_MOVE = YES;
				CLANG_WARN_UNGUARDED_AVAILABILITY = YES_AGGRESSIVE;
				CLANG_WARN_UNREACHABLE_CODE = YES;
				CLANG_WARN__DUPLICATE_METHOD_MATCH = YES;
				COPY_PHASE_STRIP = NO;
				DEBUG_INFORMATION_FORMAT = dwarf;
				ENABLE_STRICT_OBJC_MSGSEND = YES;
				ENABLE_TESTABILITY = YES;
				GCC_C_LANGUAGE_STANDARD = gnu11;
				GCC_DYNAMIC_NO_PIC = NO;
				GCC_NO_COMMON_BLOCKS = YES;
				GCC_OPTIMIZATION_LEVEL = 0;
				GCC_PREPROCESSOR_DEFINITIONS = (
					"DEBUG=1",
					"$(inherited)",
				);
				GCC_WARN_64_TO_32_BIT_CONVERSION = YES;
				GCC_WARN_ABOUT_RETURN_TYPE = YES_ERROR;
				GCC_WARN_UNDECLARED_SELECTOR = YES;
				GCC_WARN_UNINITIALIZED_AUTOS = YES_AGGRESSIVE;
				GCC_WARN_UNUSED_FUNCTION = YES;
				GCC_WARN_UNUSED_VARIABLE = YES;
				IPHONEOS_DEPLOYMENT_TARGET = 15.0;
				MTL_ENABLE_DEBUG_INFO = INCLUDE_SOURCE;
				MTL_FAST_MATH = YES;
				ONLY_ACTIVE_ARCH = YES;
				SDKROOT = iphoneos;
				SWIFT_ACTIVE_COMPILATION_CONDITIONS = DEBUG;
				SWIFT_OPTIMIZATION_LEVEL = "-Onone";
			};
			name = Debug;
		};
		B3D687F8272A2C1300DABFD5 /* Release */ = {
			isa = XCBuildConfiguration;
			buildSettings = {
				ALWAYS_SEARCH_USER_PATHS = NO;
				CLANG_ANALYZER_NONNULL = YES;
				CLANG_ANALYZER_NUMBER_OBJECT_CONVERSION = YES_AGGRESSIVE;
				CLANG_CXX_LANGUAGE_STANDARD = "gnu++17";
				CLANG_CXX_LIBRARY = "libc++";
				CLANG_ENABLE_MODULES = YES;
				CLANG_ENABLE_OBJC_ARC = YES;
				CLANG_ENABLE_OBJC_WEAK = YES;
				CLANG_WARN_BLOCK_CAPTURE_AUTORELEASING = YES;
				CLANG_WARN_BOOL_CONVERSION = YES;
				CLANG_WARN_COMMA = YES;
				CLANG_WARN_CONSTANT_CONVERSION = YES;
				CLANG_WARN_DEPRECATED_OBJC_IMPLEMENTATIONS = YES;
				CLANG_WARN_DIRECT_OBJC_ISA_USAGE = YES_ERROR;
				CLANG_WARN_DOCUMENTATION_COMMENTS = YES;
				CLANG_WARN_EMPTY_BODY = YES;
				CLANG_WARN_ENUM_CONVERSION = YES;
				CLANG_WARN_INFINITE_RECURSION = YES;
				CLANG_WARN_INT_CONVERSION = YES;
				CLANG_WARN_NON_LITERAL_NULL_CONVERSION = YES;
				CLANG_WARN_OBJC_IMPLICIT_RETAIN_SELF = YES;
				CLANG_WARN_OBJC_LITERAL_CONVERSION = YES;
				CLANG_WARN_OBJC_ROOT_CLASS = YES_ERROR;
				CLANG_WARN_QUOTED_INCLUDE_IN_FRAMEWORK_HEADER = YES;
				CLANG_WARN_RANGE_LOOP_ANALYSIS = YES;
				CLANG_WARN_STRICT_PROTOTYPES = YES;
				CLANG_WARN_SUSPICIOUS_MOVE = YES;
				CLANG_WARN_UNGUARDED_AVAILABILITY = YES_AGGRESSIVE;
				CLANG_WARN_UNREACHABLE_CODE = YES;
				CLANG_WARN__DUPLICATE_METHOD_MATCH = YES;
				COPY_PHASE_STRIP = NO;
				DEBUG_INFORMATION_FORMAT = "dwarf-with-dsym";
				ENABLE_NS_ASSERTIONS = NO;
				ENABLE_STRICT_OBJC_MSGSEND = YES;
				GCC_C_LANGUAGE_STANDARD = gnu11;
				GCC_NO_COMMON_BLOCKS = YES;
				GCC_WARN_64_TO_32_BIT_CONVERSION = YES;
				GCC_WARN_ABOUT_RETURN_TYPE = YES_ERROR;
				GCC_WARN_UNDECLARED_SELECTOR = YES;
				GCC_WARN_UNINITIALIZED_AUTOS = YES_AGGRESSIVE;
				GCC_WARN_UNUSED_FUNCTION = YES;
				GCC_WARN_UNUSED_VARIABLE = YES;
				IPHONEOS_DEPLOYMENT_TARGET = 15.0;
				MTL_ENABLE_DEBUG_INFO = NO;
				MTL_FAST_MATH = YES;
				SDKROOT = iphoneos;
				SWIFT_COMPILATION_MODE = wholemodule;
				SWIFT_OPTIMIZATION_LEVEL = "-O";
				VALIDATE_PRODUCT = YES;
			};
			name = Release;
		};
		B3D687FA272A2C1300DABFD5 /* Debug */ = {
			isa = XCBuildConfiguration;
			buildSettings = {
				ASSETCATALOG_COMPILER_APPICON_NAME = AppIcon;
				ASSETCATALOG_COMPILER_GLOBAL_ACCENT_COLOR_NAME = AccentColor;
				CODE_SIGN_STYLE = Automatic;
				CURRENT_PROJECT_VERSION = 1;
				DEVELOPMENT_ASSET_PATHS = "\"Sauce/Preview Content\"";
				DEVELOPMENT_TEAM = MR26CCZ496;
				ENABLE_PREVIEWS = YES;
				GENERATE_INFOPLIST_FILE = YES;
				INFOPLIST_KEY_UIApplicationSceneManifest_Generation = YES;
				INFOPLIST_KEY_UIApplicationSupportsIndirectInputEvents = YES;
				INFOPLIST_KEY_UILaunchScreen_Generation = YES;
				INFOPLIST_KEY_UISupportedInterfaceOrientations_iPad = "UIInterfaceOrientationPortrait UIInterfaceOrientationPortraitUpsideDown UIInterfaceOrientationLandscapeLeft UIInterfaceOrientationLandscapeRight";
				INFOPLIST_KEY_UISupportedInterfaceOrientations_iPhone = "UIInterfaceOrientationPortrait UIInterfaceOrientationLandscapeLeft UIInterfaceOrientationLandscapeRight";
				LD_RUNPATH_SEARCH_PATHS = (
					"$(inherited)",
					"@executable_path/Frameworks",
				);
				MARKETING_VERSION = 1.0;
				PRODUCT_BUNDLE_IDENTIFIER = com.jaredgrimes.Sauce;
				PRODUCT_NAME = "$(TARGET_NAME)";
				SWIFT_EMIT_LOC_STRINGS = YES;
				SWIFT_VERSION = 5.0;
				TARGETED_DEVICE_FAMILY = "1,2";
			};
			name = Debug;
		};
		B3D687FB272A2C1300DABFD5 /* Release */ = {
			isa = XCBuildConfiguration;
			buildSettings = {
				ASSETCATALOG_COMPILER_APPICON_NAME = AppIcon;
				ASSETCATALOG_COMPILER_GLOBAL_ACCENT_COLOR_NAME = AccentColor;
				CODE_SIGN_STYLE = Automatic;
				CURRENT_PROJECT_VERSION = 1;
				DEVELOPMENT_ASSET_PATHS = "\"Sauce/Preview Content\"";
				DEVELOPMENT_TEAM = MR26CCZ496;
				ENABLE_PREVIEWS = YES;
				GENERATE_INFOPLIST_FILE = YES;
				INFOPLIST_KEY_UIApplicationSceneManifest_Generation = YES;
				INFOPLIST_KEY_UIApplicationSupportsIndirectInputEvents = YES;
				INFOPLIST_KEY_UILaunchScreen_Generation = YES;
				INFOPLIST_KEY_UISupportedInterfaceOrientations_iPad = "UIInterfaceOrientationPortrait UIInterfaceOrientationPortraitUpsideDown UIInterfaceOrientationLandscapeLeft UIInterfaceOrientationLandscapeRight";
				INFOPLIST_KEY_UISupportedInterfaceOrientations_iPhone = "UIInterfaceOrientationPortrait UIInterfaceOrientationLandscapeLeft UIInterfaceOrientationLandscapeRight";
				LD_RUNPATH_SEARCH_PATHS = (
					"$(inherited)",
					"@executable_path/Frameworks",
				);
				MARKETING_VERSION = 1.0;
				PRODUCT_BUNDLE_IDENTIFIER = com.jaredgrimes.Sauce;
				PRODUCT_NAME = "$(TARGET_NAME)";
				SWIFT_EMIT_LOC_STRINGS = YES;
				SWIFT_VERSION = 5.0;
				TARGETED_DEVICE_FAMILY = "1,2";
			};
			name = Release;
		};
		B3D687FD272A2C1300DABFD5 /* Debug */ = {
			isa = XCBuildConfiguration;
			buildSettings = {
				ALWAYS_EMBED_SWIFT_STANDARD_LIBRARIES = YES;
				BUNDLE_LOADER = "$(TEST_HOST)";
				CODE_SIGN_STYLE = Automatic;
				CURRENT_PROJECT_VERSION = 1;
				DEVELOPMENT_TEAM = MR26CCZ496;
				GENERATE_INFOPLIST_FILE = YES;
				IPHONEOS_DEPLOYMENT_TARGET = 15.0;
				LD_RUNPATH_SEARCH_PATHS = (
					"$(inherited)",
					"@executable_path/Frameworks",
					"@loader_path/Frameworks",
				);
				MARKETING_VERSION = 1.0;
				PRODUCT_BUNDLE_IDENTIFIER = com.jaredgrimes.SauceTests;
				PRODUCT_NAME = "$(TARGET_NAME)";
				SWIFT_EMIT_LOC_STRINGS = NO;
				SWIFT_VERSION = 5.0;
				TARGETED_DEVICE_FAMILY = "1,2";
				TEST_HOST = "$(BUILT_PRODUCTS_DIR)/Sauce.app/Sauce";
			};
			name = Debug;
		};
		B3D687FE272A2C1300DABFD5 /* Release */ = {
			isa = XCBuildConfiguration;
			buildSettings = {
				ALWAYS_EMBED_SWIFT_STANDARD_LIBRARIES = YES;
				BUNDLE_LOADER = "$(TEST_HOST)";
				CODE_SIGN_STYLE = Automatic;
				CURRENT_PROJECT_VERSION = 1;
				DEVELOPMENT_TEAM = MR26CCZ496;
				GENERATE_INFOPLIST_FILE = YES;
				IPHONEOS_DEPLOYMENT_TARGET = 15.0;
				LD_RUNPATH_SEARCH_PATHS = (
					"$(inherited)",
					"@executable_path/Frameworks",
					"@loader_path/Frameworks",
				);
				MARKETING_VERSION = 1.0;
				PRODUCT_BUNDLE_IDENTIFIER = com.jaredgrimes.SauceTests;
				PRODUCT_NAME = "$(TARGET_NAME)";
				SWIFT_EMIT_LOC_STRINGS = NO;
				SWIFT_VERSION = 5.0;
				TARGETED_DEVICE_FAMILY = "1,2";
				TEST_HOST = "$(BUILT_PRODUCTS_DIR)/Sauce.app/Sauce";
			};
			name = Release;
		};
		B3D68800272A2C1300DABFD5 /* Debug */ = {
			isa = XCBuildConfiguration;
			buildSettings = {
				ALWAYS_EMBED_SWIFT_STANDARD_LIBRARIES = YES;
				CODE_SIGN_STYLE = Automatic;
				CURRENT_PROJECT_VERSION = 1;
				DEVELOPMENT_TEAM = MR26CCZ496;
				GENERATE_INFOPLIST_FILE = YES;
				LD_RUNPATH_SEARCH_PATHS = (
					"$(inherited)",
					"@executable_path/Frameworks",
					"@loader_path/Frameworks",
				);
				MARKETING_VERSION = 1.0;
				PRODUCT_BUNDLE_IDENTIFIER = com.jaredgrimes.SauceUITests;
				PRODUCT_NAME = "$(TARGET_NAME)";
				SWIFT_EMIT_LOC_STRINGS = NO;
				SWIFT_VERSION = 5.0;
				TARGETED_DEVICE_FAMILY = "1,2";
				TEST_TARGET_NAME = Sauce;
			};
			name = Debug;
		};
		B3D68801272A2C1300DABFD5 /* Release */ = {
			isa = XCBuildConfiguration;
			buildSettings = {
				ALWAYS_EMBED_SWIFT_STANDARD_LIBRARIES = YES;
				CODE_SIGN_STYLE = Automatic;
				CURRENT_PROJECT_VERSION = 1;
				DEVELOPMENT_TEAM = MR26CCZ496;
				GENERATE_INFOPLIST_FILE = YES;
				LD_RUNPATH_SEARCH_PATHS = (
					"$(inherited)",
					"@executable_path/Frameworks",
					"@loader_path/Frameworks",
				);
				MARKETING_VERSION = 1.0;
				PRODUCT_BUNDLE_IDENTIFIER = com.jaredgrimes.SauceUITests;
				PRODUCT_NAME = "$(TARGET_NAME)";
				SWIFT_EMIT_LOC_STRINGS = NO;
				SWIFT_VERSION = 5.0;
				TARGETED_DEVICE_FAMILY = "1,2";
				TEST_TARGET_NAME = Sauce;
			};
			name = Release;
		};
/* End XCBuildConfiguration section */

/* Begin XCConfigurationList section */
		B3D687D0272A2C1200DABFD5 /* Build configuration list for PBXProject "Sauce" */ = {
			isa = XCConfigurationList;
			buildConfigurations = (
				B3D687F7272A2C1300DABFD5 /* Debug */,
				B3D687F8272A2C1300DABFD5 /* Release */,
			);
			defaultConfigurationIsVisible = 0;
			defaultConfigurationName = Release;
		};
		B3D687F9272A2C1300DABFD5 /* Build configuration list for PBXNativeTarget "Sauce" */ = {
			isa = XCConfigurationList;
			buildConfigurations = (
				B3D687FA272A2C1300DABFD5 /* Debug */,
				B3D687FB272A2C1300DABFD5 /* Release */,
			);
			defaultConfigurationIsVisible = 0;
			defaultConfigurationName = Release;
		};
		B3D687FC272A2C1300DABFD5 /* Build configuration list for PBXNativeTarget "SauceTests" */ = {
			isa = XCConfigurationList;
			buildConfigurations = (
				B3D687FD272A2C1300DABFD5 /* Debug */,
				B3D687FE272A2C1300DABFD5 /* Release */,
			);
			defaultConfigurationIsVisible = 0;
			defaultConfigurationName = Release;
		};
		B3D687FF272A2C1300DABFD5 /* Build configuration list for PBXNativeTarget "SauceUITests" */ = {
			isa = XCConfigurationList;
			buildConfigurations = (
				B3D68800272A2C1300DABFD5 /* Debug */,
				B3D68801272A2C1300DABFD5 /* Release */,
			);
			defaultConfigurationIsVisible = 0;
			defaultConfigurationName = Release;
		};
/* End XCConfigurationList section */

/* Begin XCRemoteSwiftPackageReference section */
		B309C944272EEFF5008F2937 /* XCRemoteSwiftPackageReference "SkeletonUI" */ = {
			isa = XCRemoteSwiftPackageReference;
			repositoryURL = "https://github.com/CSolanaM/SkeletonUI.git";
			requirement = {
				kind = upToNextMajorVersion;
				minimumVersion = 1.0.0;
			};
		};
		B309C95A272F7195008F2937 /* XCRemoteSwiftPackageReference "amplify-ios" */ = {
			isa = XCRemoteSwiftPackageReference;
			repositoryURL = "https://github.com/aws-amplify/amplify-ios";
			requirement = {
				kind = upToNextMajorVersion;
				minimumVersion = 1.0.0;
			};
		};
		B3154A49272DD380005BD745 /* XCRemoteSwiftPackageReference "BottomSheet" */ = {
			isa = XCRemoteSwiftPackageReference;
			repositoryURL = "https://github.com/LucasMucGH/BottomSheet";
			requirement = {
				kind = upToNextMajorVersion;
				minimumVersion = 2.0.0;
			};
		};
/* End XCRemoteSwiftPackageReference section */

/* Begin XCSwiftPackageProductDependency section */
		B309C945272EEFF5008F2937 /* SkeletonUI */ = {
			isa = XCSwiftPackageProductDependency;
			package = B309C944272EEFF5008F2937 /* XCRemoteSwiftPackageReference "SkeletonUI" */;
			productName = SkeletonUI;
		};
		B309C95B272F7196008F2937 /* AWSAPIPlugin */ = {
			isa = XCSwiftPackageProductDependency;
			package = B309C95A272F7195008F2937 /* XCRemoteSwiftPackageReference "amplify-ios" */;
			productName = AWSAPIPlugin;
		};
		B309C95D272F7196008F2937 /* AWSCognitoAuthPlugin */ = {
			isa = XCSwiftPackageProductDependency;
			package = B309C95A272F7195008F2937 /* XCRemoteSwiftPackageReference "amplify-ios" */;
			productName = AWSCognitoAuthPlugin;
		};
		B309C95F272F7196008F2937 /* AWSDataStorePlugin */ = {
			isa = XCSwiftPackageProductDependency;
			package = B309C95A272F7195008F2937 /* XCRemoteSwiftPackageReference "amplify-ios" */;
			productName = AWSDataStorePlugin;
		};
		B309C961272F7196008F2937 /* Amplify */ = {
			isa = XCSwiftPackageProductDependency;
			package = B309C95A272F7195008F2937 /* XCRemoteSwiftPackageReference "amplify-ios" */;
			productName = Amplify;
		};
		B3154A4A272DD380005BD745 /* BottomSheet */ = {
			isa = XCSwiftPackageProductDependency;
			package = B3154A49272DD380005BD745 /* XCRemoteSwiftPackageReference "BottomSheet" */;
			productName = BottomSheet;
		};
/* End XCSwiftPackageProductDependency section */
	};
	rootObject = B3D687CD272A2C1200DABFD5 /* Project object */;
}
